
Microsoft Visual Studio Solution File, Format Version 12.00
# Visual Studio Version 17
VisualStudioVersion = 17.0.32014.148
MinimumVisualStudioVersion = 10.0.40219.1
Project("{8BC9CEB8-8B4A-11D0-8D11-00A0C91BC942}") = "InventoryManager", "InventoryManager.vcxproj", "{DD53C336-BE52-4A38-9FBF-A0ECD1E4351F}"
EndProject
Global
	GlobalSection(SolutionConfigurationPlatforms) = preSolution
		Debug|x64 = Debug|x64
		Debug|x86 = Debug|x86
		Release|x64 = Release|x64
		Release|x86 = Release|x86
	EndGlobalSection
	GlobalSection(ProjectConfigurationPlatforms) = postSolution
		{DD53C336-BE52-4A38-9FBF-A0ECD1E4351F}.Debug|x64.ActiveCfg = Debug|x64
		{DD53C336-BE52-4A38-9FBF-A0ECD1E4351F}.Debug|x64.Build.0 = Debug|x64
		{DD53C336-BE52-4A38-9FBF-A0ECD1E4351F}.Debug|x86.ActiveCfg = Debug|Win32
		{DD53C336-BE52-4A38-9FBF-A0ECD1E4351F}.Debug|x86.Build.0 = Debug|Win32
		{DD53C336-BE52-4A38-9FBF-A0ECD1E4351F}.Release|x64.ActiveCfg = Release|x64
		{DD53C336-BE52-4A38-9FBF-A0ECD1E4351F}.Release|x64.Build.0 = Release|x64
		{DD53C336-BE52-4A38-9FBF-A0ECD1E4351F}.Release|x86.ActiveCfg = Release|Win32
		{DD53C336-BE52-4A38-9FBF-A0ECD1E4351F}.Release|x86.Build.0 = Release|Win32
	EndGlobalSection
	GlobalSection(SolutionProperties) = preSolution
		HideSolutionNode = FALSE
	EndGlobalSection
	GlobalSection(ExtensibilityGlobals) = postSolution
		SolutionGuid = {2581C365-9CE7-416E-97C0-ED3D53DB01AD}
	EndGlobalSection
EndGlobal
